
Microsoft Visual Studio Solution File, Format Version 12.00
# Visual Studio 15
VisualStudioVersion = 15.0.28307.168
MinimumVisualStudioVersion = 10.0.40219.1
Project("{FAE04EC0-301F-11D3-BF4B-00C04F79EFBC}") = "CreditCard", "CreditCard\CreditCard.csproj", "{A6F363A8-11E0-4B94-9BE1-2AE62E360EBB}"
EndProject
Project("{FAE04EC0-301F-11D3-BF4B-00C04F79EFBC}") = "CreditCardTest", "CreditCardTest\CreditCardTest.csproj", "{68A8488E-3E82-4954-BAA0-432ED59015E6}"
EndProject
Global
	GlobalSection(SolutionConfigurationPlatforms) = preSolution
		Debug|Any CPU = Debug|Any CPU
		Release|Any CPU = Release|Any CPU
	EndGlobalSection
	GlobalSection(ProjectConfigurationPlatforms) = postSolution
		{A6F363A8-11E0-4B94-9BE1-2AE62E360EBB}.Debug|Any CPU.ActiveCfg = Debug|Any CPU
		{A6F363A8-11E0-4B94-9BE1-2AE62E360EBB}.Debug|Any CPU.Build.0 = Debug|Any CPU
		{A6F363A8-11E0-4B94-9BE1-2AE62E360EBB}.Release|Any CPU.ActiveCfg = Release|Any CPU
		{A6F363A8-11E0-4B94-9BE1-2AE62E360EBB}.Release|Any CPU.Build.0 = Release|Any CPU
		{68A8488E-3E82-4954-BAA0-432ED59015E6}.Debug|Any CPU.ActiveCfg = Debug|Any CPU
		{68A8488E-3E82-4954-BAA0-432ED59015E6}.Debug|Any CPU.Build.0 = Debug|Any CPU
		{68A8488E-3E82-4954-BAA0-432ED59015E6}.Release|Any CPU.ActiveCfg = Release|Any CPU
		{68A8488E-3E82-4954-BAA0-432ED59015E6}.Release|Any CPU.Build.0 = Release|Any CPU
	EndGlobalSection
	GlobalSection(SolutionProperties) = preSolution
		HideSolutionNode = FALSE
	EndGlobalSection
	GlobalSection(ExtensibilityGlobals) = postSolution
		SolutionGuid = {3AF9FCBC-4E9C-48F2-AB46-8BA51D56B47E}
	EndGlobalSection
EndGlobal
